// !$*UTF8*$!
{
	archiveVersion = 1;
	classes = {
	};
	objectVersion = 55;
	objects = {

/* Begin PBXBuildFile section */
		C962F2F1282AB12800990915 /* voicify_assistant_sdk.docc in Sources */ = {isa = PBXBuildFile; fileRef = C962F2F0282AB12800990915 /* voicify_assistant_sdk.docc */; };
		C962F2F7282AB12800990915 /* voicify_assistant_sdk.framework in Frameworks */ = {isa = PBXBuildFile; fileRef = C962F2EC282AB12800990915 /* voicify_assistant_sdk.framework */; };
		C962F2FC282AB12800990915 /* voicify_assistant_sdkTests.swift in Sources */ = {isa = PBXBuildFile; fileRef = C962F2FB282AB12800990915 /* voicify_assistant_sdkTests.swift */; };
		C962F2FD282AB12800990915 /* voicify_assistant_sdk.h in Headers */ = {isa = PBXBuildFile; fileRef = C962F2EF282AB12800990915 /* voicify_assistant_sdk.h */; settings = {ATTRIBUTES = (Public, ); }; };
		FE1F4E21290C5CCD00D1B447 /* VoicifyTTSProvider.swift in Sources */ = {isa = PBXBuildFile; fileRef = FE1F4E20290C5CCD00D1B447 /* VoicifyTTSProvider.swift */; };
		FE1F4E292910110900D1B447 /* VoicifyAssistant.swift in Sources */ = {isa = PBXBuildFile; fileRef = FE1F4E282910110900D1B447 /* VoicifyAssistant.swift */; };
		FE581DD82923E0EF00E1D77F /* Message.swift in Sources */ = {isa = PBXBuildFile; fileRef = FE581DD72923E0EF00E1D77F /* Message.swift */; };
		FE82DFD329072EEC000275C2 /* CustomAssistantDevice.swift in Sources */ = {isa = PBXBuildFile; fileRef = FE82DFD229072EEC000275C2 /* CustomAssistantDevice.swift */; };
		FE9AC2FE290868110030C67E /* CustomAssistantListItem.swift in Sources */ = {isa = PBXBuildFile; fileRef = FE9AC2FD290868110030C67E /* CustomAssistantListItem.swift */; };
		FE9AC303290868700030C67E /* CustomAssistantRequest.swift in Sources */ = {isa = PBXBuildFile; fileRef = FE9AC302290868700030C67E /* CustomAssistantRequest.swift */; };
		FE9AC305290868E10030C67E /* CustomAssistantRequestContext.swift in Sources */ = {isa = PBXBuildFile; fileRef = FE9AC304290868E10030C67E /* CustomAssistantRequestContext.swift */; };
		FE9AC30729086ACE0030C67E /* CustomAssistantResponse.swift in Sources */ = {isa = PBXBuildFile; fileRef = FE9AC30629086ACE0030C67E /* CustomAssistantResponse.swift */; };
		FE9AC30929086BDF0030C67E /* CustomAssistantUser.swift in Sources */ = {isa = PBXBuildFile; fileRef = FE9AC30829086BDF0030C67E /* CustomAssistantUser.swift */; };
		FE9AC30B29086CA40030C67E /* EffectModel.swift in Sources */ = {isa = PBXBuildFile; fileRef = FE9AC30A29086CA40030C67E /* EffectModel.swift */; };
		FE9AC30D29086D3F0030C67E /* MediaItemModel.swift in Sources */ = {isa = PBXBuildFile; fileRef = FE9AC30C29086D3F0030C67E /* MediaItemModel.swift */; };
		FE9AC30F29086D990030C67E /* SsmlRequest.swift in Sources */ = {isa = PBXBuildFile; fileRef = FE9AC30E29086D990030C67E /* SsmlRequest.swift */; };
		FE9AC31329097A6B0030C67E /* TTSData.swift in Sources */ = {isa = PBXBuildFile; fileRef = FE9AC31229097A6B0030C67E /* TTSData.swift */; };
		FE9AC31829097AA30030C67E /* TTSRequest.swift in Sources */ = {isa = PBXBuildFile; fileRef = FE9AC31729097AA30030C67E /* TTSRequest.swift */; };
		FE9AC31A29097AEB0030C67E /* VoicifySessionData.swift in Sources */ = {isa = PBXBuildFile; fileRef = FE9AC31929097AEB0030C67E /* VoicifySessionData.swift */; };
		FE9AC31C29097B390030C67E /* VoicifySessionEffect.swift in Sources */ = {isa = PBXBuildFile; fileRef = FE9AC31B29097B390030C67E /* VoicifySessionEffect.swift */; };
		FE9AC31E29097BB00030C67E /* VoicifyUserData.swift in Sources */ = {isa = PBXBuildFile; fileRef = FE9AC31D29097BB00030C67E /* VoicifyUserData.swift */; };
		FE9AC32129097C550030C67E /* VoicifyTextToSpeechProvider.swift in Sources */ = {isa = PBXBuildFile; fileRef = FE9AC32029097C550030C67E /* VoicifyTextToSpeechProvider.swift */; };
		FE9AC32329097DB90030C67E /* VoicifySpeechToTextProvider.swift in Sources */ = {isa = PBXBuildFile; fileRef = FE9AC32229097DB90030C67E /* VoicifySpeechToTextProvider.swift */; };
		FE9AC32529097E2F0030C67E /* VoicifyTextToSpeechSettings.swift in Sources */ = {isa = PBXBuildFile; fileRef = FE9AC32429097E2F0030C67E /* VoicifyTextToSpeechSettings.swift */; };
		FE9AC32729097EF60030C67E /* VoicifyAssistantSettings.swift in Sources */ = {isa = PBXBuildFile; fileRef = FE9AC32629097EF60030C67E /* VoicifyAssistantSettings.swift */; };
		FE9AC32929097FCB0030C67E /* VoicifySTTProvider.swift in Sources */ = {isa = PBXBuildFile; fileRef = FE9AC32829097FCB0030C67E /* VoicifySTTProvider.swift */; };
		FEAD780D293F9BBB00483B70 /* AnimationValue.swift in Sources */ = {isa = PBXBuildFile; fileRef = FEAD780C293F9BBB00483B70 /* AnimationValue.swift */; };
		FEAD7812293FD8A700483B70 /* HeaderProps.swift in Sources */ = {isa = PBXBuildFile; fileRef = FEAD7811293FD8A700483B70 /* HeaderProps.swift */; };
		FEAD7814293FDCF600483B70 /* BodyProps.swift in Sources */ = {isa = PBXBuildFile; fileRef = FEAD7813293FDCF600483B70 /* BodyProps.swift */; };
		FEAD7818293FDE7800483B70 /* ToolBarProps.swift in Sources */ = {isa = PBXBuildFile; fileRef = FEAD7817293FDE7800483B70 /* ToolBarProps.swift */; };
		FEBB244829140B4F001BF773 /* AssistantDrawerUI.swift in Sources */ = {isa = PBXBuildFile; fileRef = FEBB244729140B4F001BF773 /* AssistantDrawerUI.swift */; };
		FEBB244A2914133B001BF773 /* AssistantSettingsProps.swift in Sources */ = {isa = PBXBuildFile; fileRef = FEBB24492914133B001BF773 /* AssistantSettingsProps.swift */; };
		FED1FDC72925823B006783C8 /* Hint.swift in Sources */ = {isa = PBXBuildFile; fileRef = FED1FDC62925823B006783C8 /* Hint.swift */; };
		FEDE15C1291BF42A00D03181 /* Kingfisher in Frameworks */ = {isa = PBXBuildFile; productRef = FEDE15C0291BF42A00D03181 /* Kingfisher */; };
		FEDE15C7291C6EB400D03181 /* BottomSheet in Frameworks */ = {isa = PBXBuildFile; productRef = FEDE15C6291C6EB400D03181 /* BottomSheet */; };
/* End PBXBuildFile section */

/* Begin PBXContainerItemProxy section */
		C962F2F8282AB12800990915 /* PBXContainerItemProxy */ = {
			isa = PBXContainerItemProxy;
			containerPortal = C962F2E3282AB12800990915 /* Project object */;
			proxyType = 1;
			remoteGlobalIDString = C962F2EB282AB12800990915;
			remoteInfo = "voicify-assistant-sdk";
		};
		C962F342282AB15000990915 /* PBXContainerItemProxy */ = {
			isa = PBXContainerItemProxy;
			containerPortal = C962F33C282AB14F00990915 /* voicify-assistant-sample.xcodeproj */;
			proxyType = 2;
			remoteGlobalIDString = C962F30F282AB14D00990915;
			remoteInfo = "voicify-assistant-sample";
		};
		C962F344282AB15000990915 /* PBXContainerItemProxy */ = {
			isa = PBXContainerItemProxy;
			containerPortal = C962F33C282AB14F00990915 /* voicify-assistant-sample.xcodeproj */;
			proxyType = 2;
			remoteGlobalIDString = C962F31F282AB14F00990915;
			remoteInfo = "voicify-assistant-sampleTests";
		};
		C962F346282AB15000990915 /* PBXContainerItemProxy */ = {
			isa = PBXContainerItemProxy;
			containerPortal = C962F33C282AB14F00990915 /* voicify-assistant-sample.xcodeproj */;
			proxyType = 2;
			remoteGlobalIDString = C962F329282AB14F00990915;
			remoteInfo = "voicify-assistant-sampleUITests";
		};
/* End PBXContainerItemProxy section */

/* Begin PBXFileReference section */
		C962F2EC282AB12800990915 /* voicify_assistant_sdk.framework */ = {isa = PBXFileReference; explicitFileType = wrapper.framework; includeInIndex = 0; path = voicify_assistant_sdk.framework; sourceTree = BUILT_PRODUCTS_DIR; };
		C962F2EF282AB12800990915 /* voicify_assistant_sdk.h */ = {isa = PBXFileReference; lastKnownFileType = sourcecode.c.h; path = voicify_assistant_sdk.h; sourceTree = "<group>"; };
		C962F2F0282AB12800990915 /* voicify_assistant_sdk.docc */ = {isa = PBXFileReference; lastKnownFileType = folder.documentationcatalog; path = voicify_assistant_sdk.docc; sourceTree = "<group>"; };
		C962F2F6282AB12800990915 /* voicify-assistant-sdkTests.xctest */ = {isa = PBXFileReference; explicitFileType = wrapper.cfbundle; includeInIndex = 0; path = "voicify-assistant-sdkTests.xctest"; sourceTree = BUILT_PRODUCTS_DIR; };
		C962F2FB282AB12800990915 /* voicify_assistant_sdkTests.swift */ = {isa = PBXFileReference; lastKnownFileType = sourcecode.swift; path = voicify_assistant_sdkTests.swift; sourceTree = "<group>"; };
		C962F33C282AB14F00990915 /* voicify-assistant-sample.xcodeproj */ = {isa = PBXFileReference; lastKnownFileType = "wrapper.pb-project"; name = "voicify-assistant-sample.xcodeproj"; path = "../voicify-assistant-sample/voicify-assistant-sample.xcodeproj"; sourceTree = "<group>"; };
		FE1F4E20290C5CCD00D1B447 /* VoicifyTTSProvider.swift */ = {isa = PBXFileReference; lastKnownFileType = sourcecode.swift; path = VoicifyTTSProvider.swift; sourceTree = "<group>"; };
		FE1F4E282910110900D1B447 /* VoicifyAssistant.swift */ = {isa = PBXFileReference; lastKnownFileType = sourcecode.swift; path = VoicifyAssistant.swift; sourceTree = "<group>"; };
		FE581DD72923E0EF00E1D77F /* Message.swift */ = {isa = PBXFileReference; lastKnownFileType = sourcecode.swift; path = Message.swift; sourceTree = "<group>"; };
		FE82DFD229072EEC000275C2 /* CustomAssistantDevice.swift */ = {isa = PBXFileReference; lastKnownFileType = sourcecode.swift; path = CustomAssistantDevice.swift; sourceTree = "<group>"; };
		FE9AC2FD290868110030C67E /* CustomAssistantListItem.swift */ = {isa = PBXFileReference; lastKnownFileType = sourcecode.swift; path = CustomAssistantListItem.swift; sourceTree = "<group>"; };
		FE9AC302290868700030C67E /* CustomAssistantRequest.swift */ = {isa = PBXFileReference; lastKnownFileType = sourcecode.swift; path = CustomAssistantRequest.swift; sourceTree = "<group>"; };
		FE9AC304290868E10030C67E /* CustomAssistantRequestContext.swift */ = {isa = PBXFileReference; lastKnownFileType = sourcecode.swift; path = CustomAssistantRequestContext.swift; sourceTree = "<group>"; };
		FE9AC30629086ACE0030C67E /* CustomAssistantResponse.swift */ = {isa = PBXFileReference; lastKnownFileType = sourcecode.swift; path = CustomAssistantResponse.swift; sourceTree = "<group>"; };
		FE9AC30829086BDF0030C67E /* CustomAssistantUser.swift */ = {isa = PBXFileReference; lastKnownFileType = sourcecode.swift; path = CustomAssistantUser.swift; sourceTree = "<group>"; };
		FE9AC30A29086CA40030C67E /* EffectModel.swift */ = {isa = PBXFileReference; lastKnownFileType = sourcecode.swift; path = EffectModel.swift; sourceTree = "<group>"; };
		FE9AC30C29086D3F0030C67E /* MediaItemModel.swift */ = {isa = PBXFileReference; lastKnownFileType = sourcecode.swift; path = MediaItemModel.swift; sourceTree = "<group>"; };
		FE9AC30E29086D990030C67E /* SsmlRequest.swift */ = {isa = PBXFileReference; lastKnownFileType = sourcecode.swift; path = SsmlRequest.swift; sourceTree = "<group>"; };
		FE9AC31229097A6B0030C67E /* TTSData.swift */ = {isa = PBXFileReference; lastKnownFileType = sourcecode.swift; path = TTSData.swift; sourceTree = "<group>"; };
		FE9AC31729097AA30030C67E /* TTSRequest.swift */ = {isa = PBXFileReference; lastKnownFileType = sourcecode.swift; path = TTSRequest.swift; sourceTree = "<group>"; };
		FE9AC31929097AEB0030C67E /* VoicifySessionData.swift */ = {isa = PBXFileReference; lastKnownFileType = sourcecode.swift; path = VoicifySessionData.swift; sourceTree = "<group>"; };
		FE9AC31B29097B390030C67E /* VoicifySessionEffect.swift */ = {isa = PBXFileReference; lastKnownFileType = sourcecode.swift; path = VoicifySessionEffect.swift; sourceTree = "<group>"; };
		FE9AC31D29097BB00030C67E /* VoicifyUserData.swift */ = {isa = PBXFileReference; lastKnownFileType = sourcecode.swift; path = VoicifyUserData.swift; sourceTree = "<group>"; };
		FE9AC32029097C550030C67E /* VoicifyTextToSpeechProvider.swift */ = {isa = PBXFileReference; lastKnownFileType = sourcecode.swift; path = VoicifyTextToSpeechProvider.swift; sourceTree = "<group>"; };
		FE9AC32229097DB90030C67E /* VoicifySpeechToTextProvider.swift */ = {isa = PBXFileReference; lastKnownFileType = sourcecode.swift; path = VoicifySpeechToTextProvider.swift; sourceTree = "<group>"; };
		FE9AC32429097E2F0030C67E /* VoicifyTextToSpeechSettings.swift */ = {isa = PBXFileReference; lastKnownFileType = sourcecode.swift; path = VoicifyTextToSpeechSettings.swift; sourceTree = "<group>"; };
		FE9AC32629097EF60030C67E /* VoicifyAssistantSettings.swift */ = {isa = PBXFileReference; lastKnownFileType = sourcecode.swift; path = VoicifyAssistantSettings.swift; sourceTree = "<group>"; };
		FE9AC32829097FCB0030C67E /* VoicifySTTProvider.swift */ = {isa = PBXFileReference; lastKnownFileType = sourcecode.swift; path = VoicifySTTProvider.swift; sourceTree = "<group>"; };
		FEAD780C293F9BBB00483B70 /* AnimationValue.swift */ = {isa = PBXFileReference; lastKnownFileType = sourcecode.swift; path = AnimationValue.swift; sourceTree = "<group>"; };
		FEAD7811293FD8A700483B70 /* HeaderProps.swift */ = {isa = PBXFileReference; lastKnownFileType = sourcecode.swift; path = HeaderProps.swift; sourceTree = "<group>"; };
		FEAD7813293FDCF600483B70 /* BodyProps.swift */ = {isa = PBXFileReference; lastKnownFileType = sourcecode.swift; path = BodyProps.swift; sourceTree = "<group>"; };
		FEAD7817293FDE7800483B70 /* ToolBarProps.swift */ = {isa = PBXFileReference; lastKnownFileType = sourcecode.swift; path = ToolBarProps.swift; sourceTree = "<group>"; };
		FEBB244729140B4F001BF773 /* AssistantDrawerUI.swift */ = {isa = PBXFileReference; lastKnownFileType = sourcecode.swift; path = AssistantDrawerUI.swift; sourceTree = "<group>"; };
		FEBB24492914133B001BF773 /* AssistantSettingsProps.swift */ = {isa = PBXFileReference; lastKnownFileType = sourcecode.swift; path = AssistantSettingsProps.swift; sourceTree = "<group>"; };
		FED1FDC62925823B006783C8 /* Hint.swift */ = {isa = PBXFileReference; lastKnownFileType = sourcecode.swift; path = Hint.swift; sourceTree = "<group>"; };
/* End PBXFileReference section */

/* Begin PBXFrameworksBuildPhase section */
		C962F2E9282AB12800990915 /* Frameworks */ = {
			isa = PBXFrameworksBuildPhase;
			buildActionMask = 2147483647;
			files = (
				FEDE15C1291BF42A00D03181 /* Kingfisher in Frameworks */,
				FEDE15C7291C6EB400D03181 /* BottomSheet in Frameworks */,
			);
			runOnlyForDeploymentPostprocessing = 0;
		};
		C962F2F3282AB12800990915 /* Frameworks */ = {
			isa = PBXFrameworksBuildPhase;
			buildActionMask = 2147483647;
			files = (
				C962F2F7282AB12800990915 /* voicify_assistant_sdk.framework in Frameworks */,
			);
			runOnlyForDeploymentPostprocessing = 0;
		};
/* End PBXFrameworksBuildPhase section */

/* Begin PBXGroup section */
		C962F2E2282AB12800990915 = {
			isa = PBXGroup;
			children = (
				C962F33C282AB14F00990915 /* voicify-assistant-sample.xcodeproj */,
				C962F2EE282AB12800990915 /* voicify-assistant-sdk */,
				C962F2FA282AB12800990915 /* voicify-assistant-sdkTests */,
				C962F2ED282AB12800990915 /* Products */,
				FE1F4E2C29104D8700D1B447 /* Frameworks */,
			);
			sourceTree = "<group>";
		};
		C962F2ED282AB12800990915 /* Products */ = {
			isa = PBXGroup;
			children = (
				C962F2EC282AB12800990915 /* voicify_assistant_sdk.framework */,
				C962F2F6282AB12800990915 /* voicify-assistant-sdkTests.xctest */,
			);
			name = Products;
			sourceTree = "<group>";
		};
		C962F2EE282AB12800990915 /* voicify-assistant-sdk */ = {
			isa = PBXGroup;
			children = (
				FEBB244629140AF9001BF773 /* components */,
				FEBB244229140AE0001BF773 /* assistantDrawerUiTypes */,
				FE9AC31F29097C3E0030C67E /* assistant */,
				FE82DFD42907319D000275C2 /* models */,
				C962F2EF282AB12800990915 /* voicify_assistant_sdk.h */,
				C962F2F0282AB12800990915 /* voicify_assistant_sdk.docc */,
			);
			path = "voicify-assistant-sdk";
			sourceTree = "<group>";
		};
		C962F2FA282AB12800990915 /* voicify-assistant-sdkTests */ = {
			isa = PBXGroup;
			children = (
				C962F2FB282AB12800990915 /* voicify_assistant_sdkTests.swift */,
			);
			path = "voicify-assistant-sdkTests";
			sourceTree = "<group>";
		};
		C962F33D282AB14F00990915 /* Products */ = {
			isa = PBXGroup;
			children = (
				C962F343282AB15000990915 /* voicify-assistant-sample.app */,
				C962F345282AB15000990915 /* voicify-assistant-sampleTests.xctest */,
				C962F347282AB15000990915 /* voicify-assistant-sampleUITests.xctest */,
			);
			name = Products;
			sourceTree = "<group>";
		};
		FE1F4E2C29104D8700D1B447 /* Frameworks */ = {
			isa = PBXGroup;
			children = (
			);
			name = Frameworks;
			sourceTree = "<group>";
		};
		FE82DFD42907319D000275C2 /* models */ = {
			isa = PBXGroup;
			children = (
				FE82DFD229072EEC000275C2 /* CustomAssistantDevice.swift */,
				FE9AC2FD290868110030C67E /* CustomAssistantListItem.swift */,
				FE9AC302290868700030C67E /* CustomAssistantRequest.swift */,
				FE9AC304290868E10030C67E /* CustomAssistantRequestContext.swift */,
				FE9AC30629086ACE0030C67E /* CustomAssistantResponse.swift */,
				FE9AC30829086BDF0030C67E /* CustomAssistantUser.swift */,
				FE9AC30A29086CA40030C67E /* EffectModel.swift */,
				FE9AC30C29086D3F0030C67E /* MediaItemModel.swift */,
				FE9AC30E29086D990030C67E /* SsmlRequest.swift */,
				FE9AC31229097A6B0030C67E /* TTSData.swift */,
				FE9AC31729097AA30030C67E /* TTSRequest.swift */,
				FE9AC31929097AEB0030C67E /* VoicifySessionData.swift */,
				FE9AC31B29097B390030C67E /* VoicifySessionEffect.swift */,
				FE9AC31D29097BB00030C67E /* VoicifyUserData.swift */,
			);
			path = models;
			sourceTree = "<group>";
		};
		FE9AC31F29097C3E0030C67E /* assistant */ = {
			isa = PBXGroup;
			children = (
				FEBB244729140B4F001BF773 /* AssistantDrawerUI.swift */,
				FE9AC32029097C550030C67E /* VoicifyTextToSpeechProvider.swift */,
				FE9AC32229097DB90030C67E /* VoicifySpeechToTextProvider.swift */,
				FE9AC32429097E2F0030C67E /* VoicifyTextToSpeechSettings.swift */,
				FE9AC32629097EF60030C67E /* VoicifyAssistantSettings.swift */,
				FE9AC32829097FCB0030C67E /* VoicifySTTProvider.swift */,
				FE1F4E20290C5CCD00D1B447 /* VoicifyTTSProvider.swift */,
				FE1F4E282910110900D1B447 /* VoicifyAssistant.swift */,
			);
			path = assistant;
			sourceTree = "<group>";
		};
		FEBB244229140AE0001BF773 /* assistantDrawerUiTypes */ = {
			isa = PBXGroup;
			children = (
				FEBB24492914133B001BF773 /* AssistantSettingsProps.swift */,
				FEAD7811293FD8A700483B70 /* HeaderProps.swift */,
				FEAD7813293FDCF600483B70 /* BodyProps.swift */,
				FEAD7817293FDE7800483B70 /* ToolBarProps.swift */,
				FEAD780C293F9BBB00483B70 /* AnimationValue.swift */,
				FED1FDC62925823B006783C8 /* Hint.swift */,
				FE581DD72923E0EF00E1D77F /* Message.swift */,
			);
			path = assistantDrawerUiTypes;
			sourceTree = "<group>";
		};
		FEBB244629140AF9001BF773 /* components */ = {
			isa = PBXGroup;
			children = (
			);
			path = components;
			sourceTree = "<group>";
		};
/* End PBXGroup section */

/* Begin PBXHeadersBuildPhase section */
		C962F2E7282AB12800990915 /* Headers */ = {
			isa = PBXHeadersBuildPhase;
			buildActionMask = 2147483647;
			files = (
				C962F2FD282AB12800990915 /* voicify_assistant_sdk.h in Headers */,
			);
			runOnlyForDeploymentPostprocessing = 0;
		};
/* End PBXHeadersBuildPhase section */

/* Begin PBXNativeTarget section */
		C962F2EB282AB12800990915 /* voicify-assistant-sdk */ = {
			isa = PBXNativeTarget;
			buildConfigurationList = C962F300282AB12800990915 /* Build configuration list for PBXNativeTarget "voicify-assistant-sdk" */;
			buildPhases = (
				C962F2E7282AB12800990915 /* Headers */,
				C962F2E8282AB12800990915 /* Sources */,
				C962F2E9282AB12800990915 /* Frameworks */,
				C962F2EA282AB12800990915 /* Resources */,
			);
			buildRules = (
			);
			dependencies = (
			);
			name = "voicify-assistant-sdk";
			packageProductDependencies = (
				FEDE15C0291BF42A00D03181 /* Kingfisher */,
				FEDE15C6291C6EB400D03181 /* BottomSheet */,
			);
			productName = "voicify-assistant-sdk";
			productReference = C962F2EC282AB12800990915 /* voicify_assistant_sdk.framework */;
			productType = "com.apple.product-type.framework";
		};
		C962F2F5282AB12800990915 /* voicify-assistant-sdkTests */ = {
			isa = PBXNativeTarget;
			buildConfigurationList = C962F303282AB12800990915 /* Build configuration list for PBXNativeTarget "voicify-assistant-sdkTests" */;
			buildPhases = (
				C962F2F2282AB12800990915 /* Sources */,
				C962F2F3282AB12800990915 /* Frameworks */,
				C962F2F4282AB12800990915 /* Resources */,
			);
			buildRules = (
			);
			dependencies = (
				C962F2F9282AB12800990915 /* PBXTargetDependency */,
			);
			name = "voicify-assistant-sdkTests";
			productName = "voicify-assistant-sdkTests";
			productReference = C962F2F6282AB12800990915 /* voicify-assistant-sdkTests.xctest */;
			productType = "com.apple.product-type.bundle.unit-test";
		};
/* End PBXNativeTarget section */

/* Begin PBXProject section */
		C962F2E3282AB12800990915 /* Project object */ = {
			isa = PBXProject;
			attributes = {
				BuildIndependentTargetsInParallel = 1;
				LastSwiftUpdateCheck = 1330;
				LastUpgradeCheck = 1330;
				TargetAttributes = {
					C962F2EB282AB12800990915 = {
						CreatedOnToolsVersion = 13.3.1;
					};
					C962F2F5282AB12800990915 = {
						CreatedOnToolsVersion = 13.3.1;
					};
				};
			};
			buildConfigurationList = C962F2E6282AB12800990915 /* Build configuration list for PBXProject "voicify-assistant-sdk" */;
			compatibilityVersion = "Xcode 13.0";
			developmentRegion = en;
			hasScannedForEncodings = 0;
			knownRegions = (
				en,
				Base,
			);
			mainGroup = C962F2E2282AB12800990915;
			packageReferences = (
				FEDE15BF291BF42A00D03181 /* XCRemoteSwiftPackageReference "Kingfisher" */,
				FEDE15C5291C6EB400D03181 /* XCRemoteSwiftPackageReference "bottom-sheet" */,
			);
			productRefGroup = C962F2ED282AB12800990915 /* Products */;
			projectDirPath = "";
			projectReferences = (
				{
					ProductGroup = C962F33D282AB14F00990915 /* Products */;
					ProjectRef = C962F33C282AB14F00990915 /* voicify-assistant-sample.xcodeproj */;
				},
			);
			projectRoot = "";
			targets = (
				C962F2EB282AB12800990915 /* voicify-assistant-sdk */,
				C962F2F5282AB12800990915 /* voicify-assistant-sdkTests */,
			);
		};
/* End PBXProject section */

/* Begin PBXReferenceProxy section */
		C962F343282AB15000990915 /* voicify-assistant-sample.app */ = {
			isa = PBXReferenceProxy;
			fileType = wrapper.application;
			path = "voicify-assistant-sample.app";
			remoteRef = C962F342282AB15000990915 /* PBXContainerItemProxy */;
			sourceTree = BUILT_PRODUCTS_DIR;
		};
		C962F345282AB15000990915 /* voicify-assistant-sampleTests.xctest */ = {
			isa = PBXReferenceProxy;
			fileType = wrapper.cfbundle;
			path = "voicify-assistant-sampleTests.xctest";
			remoteRef = C962F344282AB15000990915 /* PBXContainerItemProxy */;
			sourceTree = BUILT_PRODUCTS_DIR;
		};
		C962F347282AB15000990915 /* voicify-assistant-sampleUITests.xctest */ = {
			isa = PBXReferenceProxy;
			fileType = wrapper.cfbundle;
			path = "voicify-assistant-sampleUITests.xctest";
			remoteRef = C962F346282AB15000990915 /* PBXContainerItemProxy */;
			sourceTree = BUILT_PRODUCTS_DIR;
		};
/* End PBXReferenceProxy section */

/* Begin PBXResourcesBuildPhase section */
		C962F2EA282AB12800990915 /* Resources */ = {
			isa = PBXResourcesBuildPhase;
			buildActionMask = 2147483647;
			files = (
			);
			runOnlyForDeploymentPostprocessing = 0;
		};
		C962F2F4282AB12800990915 /* Resources */ = {
			isa = PBXResourcesBuildPhase;
			buildActionMask = 2147483647;
			files = (
			);
			runOnlyForDeploymentPostprocessing = 0;
		};
/* End PBXResourcesBuildPhase section */

/* Begin PBXSourcesBuildPhase section */
		C962F2E8282AB12800990915 /* Sources */ = {
			isa = PBXSourcesBuildPhase;
			buildActionMask = 2147483647;
			files = (
				FE9AC32129097C550030C67E /* VoicifyTextToSpeechProvider.swift in Sources */,
				FE9AC2FE290868110030C67E /* CustomAssistantListItem.swift in Sources */,
				FED1FDC72925823B006783C8 /* Hint.swift in Sources */,
				FE9AC303290868700030C67E /* CustomAssistantRequest.swift in Sources */,
				FE9AC31329097A6B0030C67E /* TTSData.swift in Sources */,
				FE9AC30B29086CA40030C67E /* EffectModel.swift in Sources */,
				FE9AC30929086BDF0030C67E /* CustomAssistantUser.swift in Sources */,
				C962F2F1282AB12800990915 /* voicify_assistant_sdk.docc in Sources */,
				FE581DD82923E0EF00E1D77F /* Message.swift in Sources */,
				FE9AC305290868E10030C67E /* CustomAssistantRequestContext.swift in Sources */,
				FEAD780D293F9BBB00483B70 /* AnimationValue.swift in Sources */,
				FE1F4E292910110900D1B447 /* VoicifyAssistant.swift in Sources */,
				FE9AC31C29097B390030C67E /* VoicifySessionEffect.swift in Sources */,
				FEAD7812293FD8A700483B70 /* HeaderProps.swift in Sources */,
				FE9AC30F29086D990030C67E /* SsmlRequest.swift in Sources */,
				FE1F4E21290C5CCD00D1B447 /* VoicifyTTSProvider.swift in Sources */,
				FEBB244829140B4F001BF773 /* AssistantDrawerUI.swift in Sources */,
				FE9AC32929097FCB0030C67E /* VoicifySTTProvider.swift in Sources */,
				FE9AC32529097E2F0030C67E /* VoicifyTextToSpeechSettings.swift in Sources */,
				FEAD7814293FDCF600483B70 /* BodyProps.swift in Sources */,
				FE9AC32329097DB90030C67E /* VoicifySpeechToTextProvider.swift in Sources */,
				FE9AC30729086ACE0030C67E /* CustomAssistantResponse.swift in Sources */,
				FE9AC30D29086D3F0030C67E /* MediaItemModel.swift in Sources */,
				FE82DFD329072EEC000275C2 /* CustomAssistantDevice.swift in Sources */,
				FE9AC31A29097AEB0030C67E /* VoicifySessionData.swift in Sources */,
				FE9AC31E29097BB00030C67E /* VoicifyUserData.swift in Sources */,
				FE9AC31829097AA30030C67E /* TTSRequest.swift in Sources */,
				FEBB244A2914133B001BF773 /* AssistantSettingsProps.swift in Sources */,
				FEAD7818293FDE7800483B70 /* ToolBarProps.swift in Sources */,
				FE9AC32729097EF60030C67E /* VoicifyAssistantSettings.swift in Sources */,
			);
			runOnlyForDeploymentPostprocessing = 0;
		};
		C962F2F2282AB12800990915 /* Sources */ = {
			isa = PBXSourcesBuildPhase;
			buildActionMask = 2147483647;
			files = (
				C962F2FC282AB12800990915 /* voicify_assistant_sdkTests.swift in Sources */,
			);
			runOnlyForDeploymentPostprocessing = 0;
		};
/* End PBXSourcesBuildPhase section */

/* Begin PBXTargetDependency section */
		C962F2F9282AB12800990915 /* PBXTargetDependency */ = {
			isa = PBXTargetDependency;
			target = C962F2EB282AB12800990915 /* voicify-assistant-sdk */;
			targetProxy = C962F2F8282AB12800990915 /* PBXContainerItemProxy */;
		};
/* End PBXTargetDependency section */

/* Begin XCBuildConfiguration section */
		C962F2FE282AB12800990915 /* Debug */ = {
			isa = XCBuildConfiguration;
			buildSettings = {
				ALWAYS_SEARCH_USER_PATHS = NO;
				CLANG_ANALYZER_NONNULL = YES;
				CLANG_ANALYZER_NUMBER_OBJECT_CONVERSION = YES_AGGRESSIVE;
				CLANG_CXX_LANGUAGE_STANDARD = "gnu++17";
				CLANG_ENABLE_MODULES = YES;
				CLANG_ENABLE_OBJC_ARC = YES;
				CLANG_ENABLE_OBJC_WEAK = YES;
				CLANG_WARN_BLOCK_CAPTURE_AUTORELEASING = YES;
				CLANG_WARN_BOOL_CONVERSION = YES;
				CLANG_WARN_COMMA = YES;
				CLANG_WARN_CONSTANT_CONVERSION = YES;
				CLANG_WARN_DEPRECATED_OBJC_IMPLEMENTATIONS = YES;
				CLANG_WARN_DIRECT_OBJC_ISA_USAGE = YES_ERROR;
				CLANG_WARN_DOCUMENTATION_COMMENTS = YES;
				CLANG_WARN_EMPTY_BODY = YES;
				CLANG_WARN_ENUM_CONVERSION = YES;
				CLANG_WARN_INFINITE_RECURSION = YES;
				CLANG_WARN_INT_CONVERSION = YES;
				CLANG_WARN_NON_LITERAL_NULL_CONVERSION = YES;
				CLANG_WARN_OBJC_IMPLICIT_RETAIN_SELF = YES;
				CLANG_WARN_OBJC_LITERAL_CONVERSION = YES;
				CLANG_WARN_OBJC_ROOT_CLASS = YES_ERROR;
				CLANG_WARN_QUOTED_INCLUDE_IN_FRAMEWORK_HEADER = YES;
				CLANG_WARN_RANGE_LOOP_ANALYSIS = YES;
				CLANG_WARN_STRICT_PROTOTYPES = YES;
				CLANG_WARN_SUSPICIOUS_MOVE = YES;
				CLANG_WARN_UNGUARDED_AVAILABILITY = YES_AGGRESSIVE;
				CLANG_WARN_UNREACHABLE_CODE = YES;
				CLANG_WARN__DUPLICATE_METHOD_MATCH = YES;
				COPY_PHASE_STRIP = NO;
				CURRENT_PROJECT_VERSION = 1;
				DEBUG_INFORMATION_FORMAT = dwarf;
				ENABLE_STRICT_OBJC_MSGSEND = YES;
				ENABLE_TESTABILITY = YES;
				GCC_C_LANGUAGE_STANDARD = gnu11;
				GCC_DYNAMIC_NO_PIC = NO;
				GCC_NO_COMMON_BLOCKS = YES;
				GCC_OPTIMIZATION_LEVEL = 0;
				GCC_PREPROCESSOR_DEFINITIONS = (
					"DEBUG=1",
					"$(inherited)",
				);
				GCC_WARN_64_TO_32_BIT_CONVERSION = YES;
				GCC_WARN_ABOUT_RETURN_TYPE = YES_ERROR;
				GCC_WARN_UNDECLARED_SELECTOR = YES;
				GCC_WARN_UNINITIALIZED_AUTOS = YES_AGGRESSIVE;
				GCC_WARN_UNUSED_FUNCTION = YES;
				GCC_WARN_UNUSED_VARIABLE = YES;
				IPHONEOS_DEPLOYMENT_TARGET = 15.4;
				MTL_ENABLE_DEBUG_INFO = INCLUDE_SOURCE;
				MTL_FAST_MATH = YES;
				ONLY_ACTIVE_ARCH = YES;
				SDKROOT = iphoneos;
				SWIFT_ACTIVE_COMPILATION_CONDITIONS = DEBUG;
				SWIFT_OPTIMIZATION_LEVEL = "-Onone";
				VERSIONING_SYSTEM = "apple-generic";
				VERSION_INFO_PREFIX = "";
			};
			name = Debug;
		};
		C962F2FF282AB12800990915 /* Release */ = {
			isa = XCBuildConfiguration;
			buildSettings = {
				ALWAYS_SEARCH_USER_PATHS = NO;
				CLANG_ANALYZER_NONNULL = YES;
				CLANG_ANALYZER_NUMBER_OBJECT_CONVERSION = YES_AGGRESSIVE;
				CLANG_CXX_LANGUAGE_STANDARD = "gnu++17";
				CLANG_ENABLE_MODULES = YES;
				CLANG_ENABLE_OBJC_ARC = YES;
				CLANG_ENABLE_OBJC_WEAK = YES;
				CLANG_WARN_BLOCK_CAPTURE_AUTORELEASING = YES;
				CLANG_WARN_BOOL_CONVERSION = YES;
				CLANG_WARN_COMMA = YES;
				CLANG_WARN_CONSTANT_CONVERSION = YES;
				CLANG_WARN_DEPRECATED_OBJC_IMPLEMENTATIONS = YES;
				CLANG_WARN_DIRECT_OBJC_ISA_USAGE = YES_ERROR;
				CLANG_WARN_DOCUMENTATION_COMMENTS = YES;
				CLANG_WARN_EMPTY_BODY = YES;
				CLANG_WARN_ENUM_CONVERSION = YES;
				CLANG_WARN_INFINITE_RECURSION = YES;
				CLANG_WARN_INT_CONVERSION = YES;
				CLANG_WARN_NON_LITERAL_NULL_CONVERSION = YES;
				CLANG_WARN_OBJC_IMPLICIT_RETAIN_SELF = YES;
				CLANG_WARN_OBJC_LITERAL_CONVERSION = YES;
				CLANG_WARN_OBJC_ROOT_CLASS = YES_ERROR;
				CLANG_WARN_QUOTED_INCLUDE_IN_FRAMEWORK_HEADER = YES;
				CLANG_WARN_RANGE_LOOP_ANALYSIS = YES;
				CLANG_WARN_STRICT_PROTOTYPES = YES;
				CLANG_WARN_SUSPICIOUS_MOVE = YES;
				CLANG_WARN_UNGUARDED_AVAILABILITY = YES_AGGRESSIVE;
				CLANG_WARN_UNREACHABLE_CODE = YES;
				CLANG_WARN__DUPLICATE_METHOD_MATCH = YES;
				COPY_PHASE_STRIP = NO;
				CURRENT_PROJECT_VERSION = 1;
				DEBUG_INFORMATION_FORMAT = "dwarf-with-dsym";
				ENABLE_NS_ASSERTIONS = NO;
				ENABLE_STRICT_OBJC_MSGSEND = YES;
				GCC_C_LANGUAGE_STANDARD = gnu11;
				GCC_NO_COMMON_BLOCKS = YES;
				GCC_WARN_64_TO_32_BIT_CONVERSION = YES;
				GCC_WARN_ABOUT_RETURN_TYPE = YES_ERROR;
				GCC_WARN_UNDECLARED_SELECTOR = YES;
				GCC_WARN_UNINITIALIZED_AUTOS = YES_AGGRESSIVE;
				GCC_WARN_UNUSED_FUNCTION = YES;
				GCC_WARN_UNUSED_VARIABLE = YES;
				IPHONEOS_DEPLOYMENT_TARGET = 15.4;
				MTL_ENABLE_DEBUG_INFO = NO;
				MTL_FAST_MATH = YES;
				SDKROOT = iphoneos;
				SWIFT_COMPILATION_MODE = wholemodule;
				SWIFT_OPTIMIZATION_LEVEL = "-O";
				VALIDATE_PRODUCT = YES;
				VERSIONING_SYSTEM = "apple-generic";
				VERSION_INFO_PREFIX = "";
			};
			name = Release;
		};
		C962F301282AB12800990915 /* Debug */ = {
			isa = XCBuildConfiguration;
			buildSettings = {
				BUILD_LIBRARY_FOR_DISTRIBUTION = NO;
				CODE_SIGN_STYLE = Automatic;
				CURRENT_PROJECT_VERSION = 1;
				DEFINES_MODULE = YES;
				DEVELOPMENT_TEAM = R6Q36R4DVT;
				DYLIB_COMPATIBILITY_VERSION = 1;
				DYLIB_CURRENT_VERSION = 1;
				DYLIB_INSTALL_NAME_BASE = "@rpath";
				GENERATE_INFOPLIST_FILE = YES;
				INFOPLIST_KEY_NSHumanReadableCopyright = "";
				INSTALL_PATH = "$(LOCAL_LIBRARY_DIR)/Frameworks";
				LD_RUNPATH_SEARCH_PATHS = (
					"$(inherited)",
					"@executable_path/Frameworks",
					"@loader_path/Frameworks",
				);
				MARKETING_VERSION = 1.0;
				PRODUCT_BUNDLE_IDENTIFIER = "com.voicify.voicify-assistant-sdk";
				PRODUCT_NAME = "$(TARGET_NAME:c99extidentifier)";
				SKIP_INSTALL = YES;
				SWIFT_EMIT_LOC_STRINGS = YES;
				SWIFT_VERSION = 5.0;
				TARGETED_DEVICE_FAMILY = "1,2";
			};
			name = Debug;
		};
		C962F302282AB12800990915 /* Release */ = {
			isa = XCBuildConfiguration;
			buildSettings = {
				BUILD_LIBRARY_FOR_DISTRIBUTION = NO;
				CODE_SIGN_STYLE = Automatic;
				CURRENT_PROJECT_VERSION = 1;
				DEFINES_MODULE = YES;
				DEVELOPMENT_TEAM = R6Q36R4DVT;
				DYLIB_COMPATIBILITY_VERSION = 1;
				DYLIB_CURRENT_VERSION = 1;
				DYLIB_INSTALL_NAME_BASE = "@rpath";
				GENERATE_INFOPLIST_FILE = YES;
				INFOPLIST_KEY_NSHumanReadableCopyright = "";
				INSTALL_PATH = "$(LOCAL_LIBRARY_DIR)/Frameworks";
				LD_RUNPATH_SEARCH_PATHS = (
					"$(inherited)",
					"@executable_path/Frameworks",
					"@loader_path/Frameworks",
				);
				MARKETING_VERSION = 1.0;
				PRODUCT_BUNDLE_IDENTIFIER = "com.voicify.voicify-assistant-sdk";
				PRODUCT_NAME = "$(TARGET_NAME:c99extidentifier)";
				SKIP_INSTALL = YES;
				SWIFT_EMIT_LOC_STRINGS = YES;
				SWIFT_VERSION = 5.0;
				TARGETED_DEVICE_FAMILY = "1,2";
			};
			name = Release;
		};
		C962F304282AB12800990915 /* Debug */ = {
			isa = XCBuildConfiguration;
			buildSettings = {
				ALWAYS_EMBED_SWIFT_STANDARD_LIBRARIES = YES;
				CODE_SIGN_STYLE = Automatic;
				CURRENT_PROJECT_VERSION = 1;
				DEVELOPMENT_TEAM = 9K6MJ9U2TA;
				GENERATE_INFOPLIST_FILE = YES;
				MARKETING_VERSION = 1.0;
				PRODUCT_BUNDLE_IDENTIFIER = "com.voicify.voicify-assistant-sdkTests";
				PRODUCT_NAME = "$(TARGET_NAME)";
				SWIFT_EMIT_LOC_STRINGS = NO;
				SWIFT_VERSION = 5.0;
				TARGETED_DEVICE_FAMILY = "1,2";
			};
			name = Debug;
		};
		C962F305282AB12800990915 /* Release */ = {
			isa = XCBuildConfiguration;
			buildSettings = {
				ALWAYS_EMBED_SWIFT_STANDARD_LIBRARIES = YES;
				CODE_SIGN_STYLE = Automatic;
				CURRENT_PROJECT_VERSION = 1;
				DEVELOPMENT_TEAM = 9K6MJ9U2TA;
				GENERATE_INFOPLIST_FILE = YES;
				MARKETING_VERSION = 1.0;
				PRODUCT_BUNDLE_IDENTIFIER = "com.voicify.voicify-assistant-sdkTests";
				PRODUCT_NAME = "$(TARGET_NAME)";
				SWIFT_EMIT_LOC_STRINGS = NO;
				SWIFT_VERSION = 5.0;
				TARGETED_DEVICE_FAMILY = "1,2";
			};
			name = Release;
		};
/* End XCBuildConfiguration section */

/* Begin XCConfigurationList section */
		C962F2E6282AB12800990915 /* Build configuration list for PBXProject "voicify-assistant-sdk" */ = {
			isa = XCConfigurationList;
			buildConfigurations = (
				C962F2FE282AB12800990915 /* Debug */,
				C962F2FF282AB12800990915 /* Release */,
			);
			defaultConfigurationIsVisible = 0;
			defaultConfigurationName = Release;
		};
		C962F300282AB12800990915 /* Build configuration list for PBXNativeTarget "voicify-assistant-sdk" */ = {
			isa = XCConfigurationList;
			buildConfigurations = (
				C962F301282AB12800990915 /* Debug */,
				C962F302282AB12800990915 /* Release */,
			);
			defaultConfigurationIsVisible = 0;
			defaultConfigurationName = Release;
		};
		C962F303282AB12800990915 /* Build configuration list for PBXNativeTarget "voicify-assistant-sdkTests" */ = {
			isa = XCConfigurationList;
			buildConfigurations = (
				C962F304282AB12800990915 /* Debug */,
				C962F305282AB12800990915 /* Release */,
			);
			defaultConfigurationIsVisible = 0;
			defaultConfigurationName = Release;
		};
/* End XCConfigurationList section */

/* Begin XCRemoteSwiftPackageReference section */
		FEDE15BF291BF42A00D03181 /* XCRemoteSwiftPackageReference "Kingfisher" */ = {
			isa = XCRemoteSwiftPackageReference;
			repositoryURL = "https://github.com/onevcat/Kingfisher";
			requirement = {
				kind = upToNextMajorVersion;
				minimumVersion = 7.0.0;
			};
		};
		FEDE15C5291C6EB400D03181 /* XCRemoteSwiftPackageReference "bottom-sheet" */ = {
			isa = XCRemoteSwiftPackageReference;
			repositoryURL = "https://github.com/weitieda/bottom-sheet";
			requirement = {
				kind = upToNextMajorVersion;
				minimumVersion = 1.0.0;
			};
		};
/* End XCRemoteSwiftPackageReference section */

/* Begin XCSwiftPackageProductDependency section */
		FEDE15C0291BF42A00D03181 /* Kingfisher */ = {
			isa = XCSwiftPackageProductDependency;
			package = FEDE15BF291BF42A00D03181 /* XCRemoteSwiftPackageReference "Kingfisher" */;
			productName = Kingfisher;
		};
		FEDE15C6291C6EB400D03181 /* BottomSheet */ = {
			isa = XCSwiftPackageProductDependency;
			package = FEDE15C5291C6EB400D03181 /* XCRemoteSwiftPackageReference "bottom-sheet" */;
			productName = BottomSheet;
		};
/* End XCSwiftPackageProductDependency section */
	};
	rootObject = C962F2E3282AB12800990915 /* Project object */;
}
