{
  "pins" : [
    {
      "identity" : "bottom-sheet",
      "kind" : "remoteSourceControl",
      "location" : "https://github.com/weitieda/bottom-sheet",
      "state" : {
        "revision" : "6b21007153365235418f3943a960a1f9546592e0",
        "version" : "1.0.12"
      }
    },
    {
      "identity" : "kingfisher",
      "kind" : "remoteSourceControl",
      "location" : "https://github.com/onevcat/Kingfisher",
      "state" : {
        "revision" : "44e891bdb61426a95e31492a67c7c0dfad1f87c5",
        "version" : "7.4.1"
      }
    }
  ],
  "version" : 2
}
