PODS:
  - BottomSheet (1.0.6)
  - Kingfisher (7.4.1)
  - voicify-ios-sdk (0.2.3):
    - BottomSheet
    - Kingfisher

DEPENDENCIES:
  - BottomSheet (~> 1.0.6)
  - Kingfisher (~> 7.4.1)
  - voicify-ios-sdk (~> 0.2.3)

SPEC REPOS:
  https://github.com/CocoaPods/Specs.git:
    - Kingfisher
  https://github.com/voicifydevs/voicify-ios-sdk-pod-specs.git:
    - BottomSheet
    - voicify-ios-sdk

SPEC CHECKSUMS:
  BottomSheet: 0825555fbd373bd6e649aaa5db3ef24133444777
  Kingfisher: cd762a593a61b2fbecf7645c00f9a801a3ebfc9c
  voicify-ios-sdk: bd87a5c89a72682cd8a2ab5cd5e2601ddad82bd9

PODFILE CHECKSUM: 26690570ea2790c3e2c98191a4597db4f2c95d87

COCOAPODS: 1.11.3
