// !$*UTF8*$!
{
	archiveVersion = 1;
	classes = {
	};
	objectVersion = 56;
	objects = {

/* Begin PBXBuildFile section */
		FE3B161C294CE92900EB0CE7 /* AppDelegate.swift in Sources */ = {isa = PBXBuildFile; fileRef = FE3B161B294CE92900EB0CE7 /* AppDelegate.swift */; };
		FE3B161E294CE92900EB0CE7 /* SceneDelegate.swift in Sources */ = {isa = PBXBuildFile; fileRef = FE3B161D294CE92900EB0CE7 /* SceneDelegate.swift */; };
		FE3B1620294CE92900EB0CE7 /* ViewController.swift in Sources */ = {isa = PBXBuildFile; fileRef = FE3B161F294CE92900EB0CE7 /* ViewController.swift */; };
		FE3B1623294CE92900EB0CE7 /* Main.storyboard in Resources */ = {isa = PBXBuildFile; fileRef = FE3B1621294CE92900EB0CE7 /* Main.storyboard */; };
		FE3B1625294CE92B00EB0CE7 /* Assets.xcassets in Resources */ = {isa = PBXBuildFile; fileRef = FE3B1624294CE92B00EB0CE7 /* Assets.xcassets */; };
		FE3B1628294CE92B00EB0CE7 /* LaunchScreen.storyboard in Resources */ = {isa = PBXBuildFile; fileRef = FE3B1626294CE92B00EB0CE7 /* LaunchScreen.storyboard */; };
		FE3B1633294CE92B00EB0CE7 /* voicify_assistant_sample_uikitTests.swift in Sources */ = {isa = PBXBuildFile; fileRef = FE3B1632294CE92B00EB0CE7 /* voicify_assistant_sample_uikitTests.swift */; };
		FE3B163D294CE92B00EB0CE7 /* voicify_assistant_sample_uikitUITests.swift in Sources */ = {isa = PBXBuildFile; fileRef = FE3B163C294CE92B00EB0CE7 /* voicify_assistant_sample_uikitUITests.swift */; };
		FE3B163F294CE92B00EB0CE7 /* voicify_assistant_sample_uikitUITestsLaunchTests.swift in Sources */ = {isa = PBXBuildFile; fileRef = FE3B163E294CE92B00EB0CE7 /* voicify_assistant_sample_uikitUITestsLaunchTests.swift */; };
		FE3B1662294CEAB400EB0CE7 /* voicify_assistant_sdk.framework in Frameworks */ = {isa = PBXBuildFile; fileRef = FE3B1661294CEAB400EB0CE7 /* voicify_assistant_sdk.framework */; };
		FE3B1663294CEAB400EB0CE7 /* voicify_assistant_sdk.framework in Embed Frameworks */ = {isa = PBXBuildFile; fileRef = FE3B1661294CEAB400EB0CE7 /* voicify_assistant_sdk.framework */; settings = {ATTRIBUTES = (CodeSignOnCopy, RemoveHeadersOnCopy, ); }; };
		FE794FE5295022E800DDEA8C /* AssistantViewRepresentable.swift in Sources */ = {isa = PBXBuildFile; fileRef = FE794FE4295022E800DDEA8C /* AssistantViewRepresentable.swift */; };
		FE794FE72950243E00DDEA8C /* AssistantDrawerViewController.swift in Sources */ = {isa = PBXBuildFile; fileRef = FE794FE62950243E00DDEA8C /* AssistantDrawerViewController.swift */; };
		FE794FE92950AD0C00DDEA8C /* PlayEffectData.swift in Sources */ = {isa = PBXBuildFile; fileRef = FE794FE82950AD0C00DDEA8C /* PlayEffectData.swift */; };
/* End PBXBuildFile section */

/* Begin PBXContainerItemProxy section */
		FE3B162F294CE92B00EB0CE7 /* PBXContainerItemProxy */ = {
			isa = PBXContainerItemProxy;
			containerPortal = FE3B1610294CE92900EB0CE7 /* Project object */;
			proxyType = 1;
			remoteGlobalIDString = FE3B1617294CE92900EB0CE7;
			remoteInfo = "voicify-assistant-sample-uikit";
		};
		FE3B1639294CE92B00EB0CE7 /* PBXContainerItemProxy */ = {
			isa = PBXContainerItemProxy;
			containerPortal = FE3B1610294CE92900EB0CE7 /* Project object */;
			proxyType = 1;
			remoteGlobalIDString = FE3B1617294CE92900EB0CE7;
			remoteInfo = "voicify-assistant-sample-uikit";
		};
/* End PBXContainerItemProxy section */

/* Begin PBXCopyFilesBuildPhase section */
		FE3B1664294CEAB400EB0CE7 /* Embed Frameworks */ = {
			isa = PBXCopyFilesBuildPhase;
			buildActionMask = 2147483647;
			dstPath = "";
			dstSubfolderSpec = 10;
			files = (
				FE3B1663294CEAB400EB0CE7 /* voicify_assistant_sdk.framework in Embed Frameworks */,
			);
			name = "Embed Frameworks";
			runOnlyForDeploymentPostprocessing = 0;
		};
/* End PBXCopyFilesBuildPhase section */

/* Begin PBXFileReference section */
		FE3B1618294CE92900EB0CE7 /* voicify-assistant-sample-uikit.app */ = {isa = PBXFileReference; explicitFileType = wrapper.application; includeInIndex = 0; path = "voicify-assistant-sample-uikit.app"; sourceTree = BUILT_PRODUCTS_DIR; };
		FE3B161B294CE92900EB0CE7 /* AppDelegate.swift */ = {isa = PBXFileReference; lastKnownFileType = sourcecode.swift; path = AppDelegate.swift; sourceTree = "<group>"; };
		FE3B161D294CE92900EB0CE7 /* SceneDelegate.swift */ = {isa = PBXFileReference; lastKnownFileType = sourcecode.swift; path = SceneDelegate.swift; sourceTree = "<group>"; };
		FE3B161F294CE92900EB0CE7 /* ViewController.swift */ = {isa = PBXFileReference; lastKnownFileType = sourcecode.swift; path = ViewController.swift; sourceTree = "<group>"; };
		FE3B1622294CE92900EB0CE7 /* Base */ = {isa = PBXFileReference; lastKnownFileType = file.storyboard; name = Base; path = Base.lproj/Main.storyboard; sourceTree = "<group>"; };
		FE3B1624294CE92B00EB0CE7 /* Assets.xcassets */ = {isa = PBXFileReference; lastKnownFileType = folder.assetcatalog; path = Assets.xcassets; sourceTree = "<group>"; };
		FE3B1627294CE92B00EB0CE7 /* Base */ = {isa = PBXFileReference; lastKnownFileType = file.storyboard; name = Base; path = Base.lproj/LaunchScreen.storyboard; sourceTree = "<group>"; };
		FE3B1629294CE92B00EB0CE7 /* Info.plist */ = {isa = PBXFileReference; lastKnownFileType = text.plist.xml; path = Info.plist; sourceTree = "<group>"; };
		FE3B162E294CE92B00EB0CE7 /* voicify-assistant-sample-uikitTests.xctest */ = {isa = PBXFileReference; explicitFileType = wrapper.cfbundle; includeInIndex = 0; path = "voicify-assistant-sample-uikitTests.xctest"; sourceTree = BUILT_PRODUCTS_DIR; };
		FE3B1632294CE92B00EB0CE7 /* voicify_assistant_sample_uikitTests.swift */ = {isa = PBXFileReference; lastKnownFileType = sourcecode.swift; path = voicify_assistant_sample_uikitTests.swift; sourceTree = "<group>"; };
		FE3B1638294CE92B00EB0CE7 /* voicify-assistant-sample-uikitUITests.xctest */ = {isa = PBXFileReference; explicitFileType = wrapper.cfbundle; includeInIndex = 0; path = "voicify-assistant-sample-uikitUITests.xctest"; sourceTree = BUILT_PRODUCTS_DIR; };
		FE3B163C294CE92B00EB0CE7 /* voicify_assistant_sample_uikitUITests.swift */ = {isa = PBXFileReference; lastKnownFileType = sourcecode.swift; path = voicify_assistant_sample_uikitUITests.swift; sourceTree = "<group>"; };
		FE3B163E294CE92B00EB0CE7 /* voicify_assistant_sample_uikitUITestsLaunchTests.swift */ = {isa = PBXFileReference; lastKnownFileType = sourcecode.swift; path = voicify_assistant_sample_uikitUITestsLaunchTests.swift; sourceTree = "<group>"; };
		FE3B1661294CEAB400EB0CE7 /* voicify_assistant_sdk.framework */ = {isa = PBXFileReference; explicitFileType = wrapper.framework; path = voicify_assistant_sdk.framework; sourceTree = BUILT_PRODUCTS_DIR; };
		FE794FE4295022E800DDEA8C /* AssistantViewRepresentable.swift */ = {isa = PBXFileReference; lastKnownFileType = sourcecode.swift; path = AssistantViewRepresentable.swift; sourceTree = "<group>"; };
		FE794FE62950243E00DDEA8C /* AssistantDrawerViewController.swift */ = {isa = PBXFileReference; lastKnownFileType = sourcecode.swift; path = AssistantDrawerViewController.swift; sourceTree = "<group>"; };
		FE794FE82950AD0C00DDEA8C /* PlayEffectData.swift */ = {isa = PBXFileReference; lastKnownFileType = sourcecode.swift; path = PlayEffectData.swift; sourceTree = "<group>"; };
/* End PBXFileReference section */

/* Begin PBXFrameworksBuildPhase section */
		FE3B1615294CE92900EB0CE7 /* Frameworks */ = {
			isa = PBXFrameworksBuildPhase;
			buildActionMask = 2147483647;
			files = (
				FE3B1662294CEAB400EB0CE7 /* voicify_assistant_sdk.framework in Frameworks */,
			);
			runOnlyForDeploymentPostprocessing = 0;
		};
		FE3B162B294CE92B00EB0CE7 /* Frameworks */ = {
			isa = PBXFrameworksBuildPhase;
			buildActionMask = 2147483647;
			files = (
			);
			runOnlyForDeploymentPostprocessing = 0;
		};
		FE3B1635294CE92B00EB0CE7 /* Frameworks */ = {
			isa = PBXFrameworksBuildPhase;
			buildActionMask = 2147483647;
			files = (
			);
			runOnlyForDeploymentPostprocessing = 0;
		};
/* End PBXFrameworksBuildPhase section */

/* Begin PBXGroup section */
		FE3B160F294CE92900EB0CE7 = {
			isa = PBXGroup;
			children = (
				FE3B161A294CE92900EB0CE7 /* voicify-assistant-sample-uikit */,
				FE3B1631294CE92B00EB0CE7 /* voicify-assistant-sample-uikitTests */,
				FE3B163B294CE92B00EB0CE7 /* voicify-assistant-sample-uikitUITests */,
				FE3B1619294CE92900EB0CE7 /* Products */,
				FE3B1660294CEAB400EB0CE7 /* Frameworks */,
			);
			sourceTree = "<group>";
		};
		FE3B1619294CE92900EB0CE7 /* Products */ = {
			isa = PBXGroup;
			children = (
				FE3B1618294CE92900EB0CE7 /* voicify-assistant-sample-uikit.app */,
				FE3B162E294CE92B00EB0CE7 /* voicify-assistant-sample-uikitTests.xctest */,
				FE3B1638294CE92B00EB0CE7 /* voicify-assistant-sample-uikitUITests.xctest */,
			);
			name = Products;
			sourceTree = "<group>";
		};
		FE3B161A294CE92900EB0CE7 /* voicify-assistant-sample-uikit */ = {
			isa = PBXGroup;
			children = (
				FE3B161B294CE92900EB0CE7 /* AppDelegate.swift */,
				FE3B161D294CE92900EB0CE7 /* SceneDelegate.swift */,
				FE3B161F294CE92900EB0CE7 /* ViewController.swift */,
				FE794FE4295022E800DDEA8C /* AssistantViewRepresentable.swift */,
				FE794FE62950243E00DDEA8C /* AssistantDrawerViewController.swift */,
				FE3B1621294CE92900EB0CE7 /* Main.storyboard */,
				FE3B1624294CE92B00EB0CE7 /* Assets.xcassets */,
				FE3B1626294CE92B00EB0CE7 /* LaunchScreen.storyboard */,
				FE3B1629294CE92B00EB0CE7 /* Info.plist */,
				FE794FE82950AD0C00DDEA8C /* PlayEffectData.swift */,
			);
			path = "voicify-assistant-sample-uikit";
			sourceTree = "<group>";
		};
		FE3B1631294CE92B00EB0CE7 /* voicify-assistant-sample-uikitTests */ = {
			isa = PBXGroup;
			children = (
				FE3B1632294CE92B00EB0CE7 /* voicify_assistant_sample_uikitTests.swift */,
			);
			path = "voicify-assistant-sample-uikitTests";
			sourceTree = "<group>";
		};
		FE3B163B294CE92B00EB0CE7 /* voicify-assistant-sample-uikitUITests */ = {
			isa = PBXGroup;
			children = (
				FE3B163C294CE92B00EB0CE7 /* voicify_assistant_sample_uikitUITests.swift */,
				FE3B163E294CE92B00EB0CE7 /* voicify_assistant_sample_uikitUITestsLaunchTests.swift */,
			);
			path = "voicify-assistant-sample-uikitUITests";
			sourceTree = "<group>";
		};
		FE3B1660294CEAB400EB0CE7 /* Frameworks */ = {
			isa = PBXGroup;
			children = (
				FE3B1661294CEAB400EB0CE7 /* voicify_assistant_sdk.framework */,
			);
			name = Frameworks;
			sourceTree = "<group>";
		};
/* End PBXGroup section */

/* Begin PBXNativeTarget section */
		FE3B1617294CE92900EB0CE7 /* voicify-assistant-sample-uikit */ = {
			isa = PBXNativeTarget;
			buildConfigurationList = FE3B1642294CE92B00EB0CE7 /* Build configuration list for PBXNativeTarget "voicify-assistant-sample-uikit" */;
			buildPhases = (
				FE3B1614294CE92900EB0CE7 /* Sources */,
				FE3B1615294CE92900EB0CE7 /* Frameworks */,
				FE3B1616294CE92900EB0CE7 /* Resources */,
				FE3B1664294CEAB400EB0CE7 /* Embed Frameworks */,
			);
			buildRules = (
			);
			dependencies = (
			);
			name = "voicify-assistant-sample-uikit";
			productName = "voicify-assistant-sample-uikit";
			productReference = FE3B1618294CE92900EB0CE7 /* voicify-assistant-sample-uikit.app */;
			productType = "com.apple.product-type.application";
		};
		FE3B162D294CE92B00EB0CE7 /* voicify-assistant-sample-uikitTests */ = {
			isa = PBXNativeTarget;
			buildConfigurationList = FE3B1645294CE92B00EB0CE7 /* Build configuration list for PBXNativeTarget "voicify-assistant-sample-uikitTests" */;
			buildPhases = (
				FE3B162A294CE92B00EB0CE7 /* Sources */,
				FE3B162B294CE92B00EB0CE7 /* Frameworks */,
				FE3B162C294CE92B00EB0CE7 /* Resources */,
			);
			buildRules = (
			);
			dependencies = (
				FE3B1630294CE92B00EB0CE7 /* PBXTargetDependency */,
			);
			name = "voicify-assistant-sample-uikitTests";
			productName = "voicify-assistant-sample-uikitTests";
			productReference = FE3B162E294CE92B00EB0CE7 /* voicify-assistant-sample-uikitTests.xctest */;
			productType = "com.apple.product-type.bundle.unit-test";
		};
		FE3B1637294CE92B00EB0CE7 /* voicify-assistant-sample-uikitUITests */ = {
			isa = PBXNativeTarget;
			buildConfigurationList = FE3B1648294CE92B00EB0CE7 /* Build configuration list for PBXNativeTarget "voicify-assistant-sample-uikitUITests" */;
			buildPhases = (
				FE3B1634294CE92B00EB0CE7 /* Sources */,
				FE3B1635294CE92B00EB0CE7 /* Frameworks */,
				FE3B1636294CE92B00EB0CE7 /* Resources */,
			);
			buildRules = (
			);
			dependencies = (
				FE3B163A294CE92B00EB0CE7 /* PBXTargetDependency */,
			);
			name = "voicify-assistant-sample-uikitUITests";
			productName = "voicify-assistant-sample-uikitUITests";
			productReference = FE3B1638294CE92B00EB0CE7 /* voicify-assistant-sample-uikitUITests.xctest */;
			productType = "com.apple.product-type.bundle.ui-testing";
		};
/* End PBXNativeTarget section */

/* Begin PBXProject section */
		FE3B1610294CE92900EB0CE7 /* Project object */ = {
			isa = PBXProject;
			attributes = {
				BuildIndependentTargetsInParallel = 1;
				LastSwiftUpdateCheck = 1420;
				LastUpgradeCheck = 1420;
				TargetAttributes = {
					FE3B1617294CE92900EB0CE7 = {
						CreatedOnToolsVersion = 14.2;
					};
					FE3B162D294CE92B00EB0CE7 = {
						CreatedOnToolsVersion = 14.2;
						TestTargetID = FE3B1617294CE92900EB0CE7;
					};
					FE3B1637294CE92B00EB0CE7 = {
						CreatedOnToolsVersion = 14.2;
						TestTargetID = FE3B1617294CE92900EB0CE7;
					};
				};
			};
			buildConfigurationList = FE3B1613294CE92900EB0CE7 /* Build configuration list for PBXProject "voicify-assistant-sample-uikit" */;
			compatibilityVersion = "Xcode 14.0";
			developmentRegion = en;
			hasScannedForEncodings = 0;
			knownRegions = (
				en,
				Base,
			);
			mainGroup = FE3B160F294CE92900EB0CE7;
			productRefGroup = FE3B1619294CE92900EB0CE7 /* Products */;
			projectDirPath = "";
			projectRoot = "";
			targets = (
				FE3B1617294CE92900EB0CE7 /* voicify-assistant-sample-uikit */,
				FE3B162D294CE92B00EB0CE7 /* voicify-assistant-sample-uikitTests */,
				FE3B1637294CE92B00EB0CE7 /* voicify-assistant-sample-uikitUITests */,
			);
		};
/* End PBXProject section */

/* Begin PBXResourcesBuildPhase section */
		FE3B1616294CE92900EB0CE7 /* Resources */ = {
			isa = PBXResourcesBuildPhase;
			buildActionMask = 2147483647;
			files = (
				FE3B1628294CE92B00EB0CE7 /* LaunchScreen.storyboard in Resources */,
				FE3B1625294CE92B00EB0CE7 /* Assets.xcassets in Resources */,
				FE3B1623294CE92900EB0CE7 /* Main.storyboard in Resources */,
			);
			runOnlyForDeploymentPostprocessing = 0;
		};
		FE3B162C294CE92B00EB0CE7 /* Resources */ = {
			isa = PBXResourcesBuildPhase;
			buildActionMask = 2147483647;
			files = (
			);
			runOnlyForDeploymentPostprocessing = 0;
		};
		FE3B1636294CE92B00EB0CE7 /* Resources */ = {
			isa = PBXResourcesBuildPhase;
			buildActionMask = 2147483647;
			files = (
			);
			runOnlyForDeploymentPostprocessing = 0;
		};
/* End PBXResourcesBuildPhase section */

/* Begin PBXSourcesBuildPhase section */
		FE3B1614294CE92900EB0CE7 /* Sources */ = {
			isa = PBXSourcesBuildPhase;
			buildActionMask = 2147483647;
			files = (
				FE794FE92950AD0C00DDEA8C /* PlayEffectData.swift in Sources */,
				FE794FE72950243E00DDEA8C /* AssistantDrawerViewController.swift in Sources */,
				FE3B1620294CE92900EB0CE7 /* ViewController.swift in Sources */,
				FE794FE5295022E800DDEA8C /* AssistantViewRepresentable.swift in Sources */,
				FE3B161C294CE92900EB0CE7 /* AppDelegate.swift in Sources */,
				FE3B161E294CE92900EB0CE7 /* SceneDelegate.swift in Sources */,
			);
			runOnlyForDeploymentPostprocessing = 0;
		};
		FE3B162A294CE92B00EB0CE7 /* Sources */ = {
			isa = PBXSourcesBuildPhase;
			buildActionMask = 2147483647;
			files = (
				FE3B1633294CE92B00EB0CE7 /* voicify_assistant_sample_uikitTests.swift in Sources */,
			);
			runOnlyForDeploymentPostprocessing = 0;
		};
		FE3B1634294CE92B00EB0CE7 /* Sources */ = {
			isa = PBXSourcesBuildPhase;
			buildActionMask = 2147483647;
			files = (
				FE3B163F294CE92B00EB0CE7 /* voicify_assistant_sample_uikitUITestsLaunchTests.swift in Sources */,
				FE3B163D294CE92B00EB0CE7 /* voicify_assistant_sample_uikitUITests.swift in Sources */,
			);
			runOnlyForDeploymentPostprocessing = 0;
		};
/* End PBXSourcesBuildPhase section */

/* Begin PBXTargetDependency section */
		FE3B1630294CE92B00EB0CE7 /* PBXTargetDependency */ = {
			isa = PBXTargetDependency;
			target = FE3B1617294CE92900EB0CE7 /* voicify-assistant-sample-uikit */;
			targetProxy = FE3B162F294CE92B00EB0CE7 /* PBXContainerItemProxy */;
		};
		FE3B163A294CE92B00EB0CE7 /* PBXTargetDependency */ = {
			isa = PBXTargetDependency;
			target = FE3B1617294CE92900EB0CE7 /* voicify-assistant-sample-uikit */;
			targetProxy = FE3B1639294CE92B00EB0CE7 /* PBXContainerItemProxy */;
		};
/* End PBXTargetDependency section */

/* Begin PBXVariantGroup section */
		FE3B1621294CE92900EB0CE7 /* Main.storyboard */ = {
			isa = PBXVariantGroup;
			children = (
				FE3B1622294CE92900EB0CE7 /* Base */,
			);
			name = Main.storyboard;
			sourceTree = "<group>";
		};
		FE3B1626294CE92B00EB0CE7 /* LaunchScreen.storyboard */ = {
			isa = PBXVariantGroup;
			children = (
				FE3B1627294CE92B00EB0CE7 /* Base */,
			);
			name = LaunchScreen.storyboard;
			sourceTree = "<group>";
		};
/* End PBXVariantGroup section */

/* Begin XCBuildConfiguration section */
		FE3B1640294CE92B00EB0CE7 /* Debug */ = {
			isa = XCBuildConfiguration;
			buildSettings = {
				ALWAYS_SEARCH_USER_PATHS = NO;
				CLANG_ANALYZER_NONNULL = YES;
				CLANG_ANALYZER_NUMBER_OBJECT_CONVERSION = YES_AGGRESSIVE;
				CLANG_CXX_LANGUAGE_STANDARD = "gnu++20";
				CLANG_ENABLE_MODULES = YES;
				CLANG_ENABLE_OBJC_ARC = YES;
				CLANG_ENABLE_OBJC_WEAK = YES;
				CLANG_WARN_BLOCK_CAPTURE_AUTORELEASING = YES;
				CLANG_WARN_BOOL_CONVERSION = YES;
				CLANG_WARN_COMMA = YES;
				CLANG_WARN_CONSTANT_CONVERSION = YES;
				CLANG_WARN_DEPRECATED_OBJC_IMPLEMENTATIONS = YES;
				CLANG_WARN_DIRECT_OBJC_ISA_USAGE = YES_ERROR;
				CLANG_WARN_DOCUMENTATION_COMMENTS = YES;
				CLANG_WARN_EMPTY_BODY = YES;
				CLANG_WARN_ENUM_CONVERSION = YES;
				CLANG_WARN_INFINITE_RECURSION = YES;
				CLANG_WARN_INT_CONVERSION = YES;
				CLANG_WARN_NON_LITERAL_NULL_CONVERSION = YES;
				CLANG_WARN_OBJC_IMPLICIT_RETAIN_SELF = YES;
				CLANG_WARN_OBJC_LITERAL_CONVERSION = YES;
				CLANG_WARN_OBJC_ROOT_CLASS = YES_ERROR;
				CLANG_WARN_QUOTED_INCLUDE_IN_FRAMEWORK_HEADER = YES;
				CLANG_WARN_RANGE_LOOP_ANALYSIS = YES;
				CLANG_WARN_STRICT_PROTOTYPES = YES;
				CLANG_WARN_SUSPICIOUS_MOVE = YES;
				CLANG_WARN_UNGUARDED_AVAILABILITY = YES_AGGRESSIVE;
				CLANG_WARN_UNREACHABLE_CODE = YES;
				CLANG_WARN__DUPLICATE_METHOD_MATCH = YES;
				COPY_PHASE_STRIP = NO;
				DEBUG_INFORMATION_FORMAT = dwarf;
				ENABLE_STRICT_OBJC_MSGSEND = YES;
				ENABLE_TESTABILITY = YES;
				GCC_C_LANGUAGE_STANDARD = gnu11;
				GCC_DYNAMIC_NO_PIC = NO;
				GCC_NO_COMMON_BLOCKS = YES;
				GCC_OPTIMIZATION_LEVEL = 0;
				GCC_PREPROCESSOR_DEFINITIONS = (
					"DEBUG=1",
					"$(inherited)",
				);
				GCC_WARN_64_TO_32_BIT_CONVERSION = YES;
				GCC_WARN_ABOUT_RETURN_TYPE = YES_ERROR;
				GCC_WARN_UNDECLARED_SELECTOR = YES;
				GCC_WARN_UNINITIALIZED_AUTOS = YES_AGGRESSIVE;
				GCC_WARN_UNUSED_FUNCTION = YES;
				GCC_WARN_UNUSED_VARIABLE = YES;
				IPHONEOS_DEPLOYMENT_TARGET = 15.4;
				MTL_ENABLE_DEBUG_INFO = INCLUDE_SOURCE;
				MTL_FAST_MATH = YES;
				ONLY_ACTIVE_ARCH = YES;
				SDKROOT = iphoneos;
				SWIFT_ACTIVE_COMPILATION_CONDITIONS = DEBUG;
				SWIFT_OPTIMIZATION_LEVEL = "-Onone";
			};
			name = Debug;
		};
		FE3B1641294CE92B00EB0CE7 /* Release */ = {
			isa = XCBuildConfiguration;
			buildSettings = {
				ALWAYS_SEARCH_USER_PATHS = NO;
				CLANG_ANALYZER_NONNULL = YES;
				CLANG_ANALYZER_NUMBER_OBJECT_CONVERSION = YES_AGGRESSIVE;
				CLANG_CXX_LANGUAGE_STANDARD = "gnu++20";
				CLANG_ENABLE_MODULES = YES;
				CLANG_ENABLE_OBJC_ARC = YES;
				CLANG_ENABLE_OBJC_WEAK = YES;
				CLANG_WARN_BLOCK_CAPTURE_AUTORELEASING = YES;
				CLANG_WARN_BOOL_CONVERSION = YES;
				CLANG_WARN_COMMA = YES;
				CLANG_WARN_CONSTANT_CONVERSION = YES;
				CLANG_WARN_DEPRECATED_OBJC_IMPLEMENTATIONS = YES;
				CLANG_WARN_DIRECT_OBJC_ISA_USAGE = YES_ERROR;
				CLANG_WARN_DOCUMENTATION_COMMENTS = YES;
				CLANG_WARN_EMPTY_BODY = YES;
				CLANG_WARN_ENUM_CONVERSION = YES;
				CLANG_WARN_INFINITE_RECURSION = YES;
				CLANG_WARN_INT_CONVERSION = YES;
				CLANG_WARN_NON_LITERAL_NULL_CONVERSION = YES;
				CLANG_WARN_OBJC_IMPLICIT_RETAIN_SELF = YES;
				CLANG_WARN_OBJC_LITERAL_CONVERSION = YES;
				CLANG_WARN_OBJC_ROOT_CLASS = YES_ERROR;
				CLANG_WARN_QUOTED_INCLUDE_IN_FRAMEWORK_HEADER = YES;
				CLANG_WARN_RANGE_LOOP_ANALYSIS = YES;
				CLANG_WARN_STRICT_PROTOTYPES = YES;
				CLANG_WARN_SUSPICIOUS_MOVE = YES;
				CLANG_WARN_UNGUARDED_AVAILABILITY = YES_AGGRESSIVE;
				CLANG_WARN_UNREACHABLE_CODE = YES;
				CLANG_WARN__DUPLICATE_METHOD_MATCH = YES;
				COPY_PHASE_STRIP = NO;
				DEBUG_INFORMATION_FORMAT = "dwarf-with-dsym";
				ENABLE_NS_ASSERTIONS = NO;
				ENABLE_STRICT_OBJC_MSGSEND = YES;
				GCC_C_LANGUAGE_STANDARD = gnu11;
				GCC_NO_COMMON_BLOCKS = YES;
				GCC_WARN_64_TO_32_BIT_CONVERSION = YES;
				GCC_WARN_ABOUT_RETURN_TYPE = YES_ERROR;
				GCC_WARN_UNDECLARED_SELECTOR = YES;
				GCC_WARN_UNINITIALIZED_AUTOS = YES_AGGRESSIVE;
				GCC_WARN_UNUSED_FUNCTION = YES;
				GCC_WARN_UNUSED_VARIABLE = YES;
				IPHONEOS_DEPLOYMENT_TARGET = 15.4;
				MTL_ENABLE_DEBUG_INFO = NO;
				MTL_FAST_MATH = YES;
				SDKROOT = iphoneos;
				SWIFT_COMPILATION_MODE = wholemodule;
				SWIFT_OPTIMIZATION_LEVEL = "-O";
				VALIDATE_PRODUCT = YES;
			};
			name = Release;
		};
		FE3B1643294CE92B00EB0CE7 /* Debug */ = {
			isa = XCBuildConfiguration;
			buildSettings = {
				ASSETCATALOG_COMPILER_APPICON_NAME = AppIcon;
				ASSETCATALOG_COMPILER_GLOBAL_ACCENT_COLOR_NAME = AccentColor;
				CODE_SIGN_STYLE = Automatic;
				CURRENT_PROJECT_VERSION = 1;
				DEVELOPMENT_TEAM = R6Q36R4DVT;
				GENERATE_INFOPLIST_FILE = YES;
				INFOPLIST_FILE = "voicify-assistant-sample-uikit/Info.plist";
				INFOPLIST_KEY_NSMicrophoneUsageDescription = "Use the Microphone";
				INFOPLIST_KEY_NSSpeechRecognitionUsageDescription = "Use the speech recognition";
				INFOPLIST_KEY_UIApplicationSupportsIndirectInputEvents = YES;
				INFOPLIST_KEY_UILaunchStoryboardName = LaunchScreen;
				INFOPLIST_KEY_UIMainStoryboardFile = Main;
				INFOPLIST_KEY_UISupportedInterfaceOrientations_iPad = "UIInterfaceOrientationPortrait UIInterfaceOrientationPortraitUpsideDown UIInterfaceOrientationLandscapeLeft UIInterfaceOrientationLandscapeRight";
				INFOPLIST_KEY_UISupportedInterfaceOrientations_iPhone = "UIInterfaceOrientationPortrait UIInterfaceOrientationLandscapeLeft UIInterfaceOrientationLandscapeRight";
				LD_RUNPATH_SEARCH_PATHS = (
					"$(inherited)",
					"@executable_path/Frameworks",
				);
				MARKETING_VERSION = 1.0;
				PRODUCT_BUNDLE_IDENTIFIER = "com.voicify.voicify-assistant-sample-uikit";
				PRODUCT_NAME = "$(TARGET_NAME)";
				SWIFT_EMIT_LOC_STRINGS = YES;
				SWIFT_VERSION = 5.0;
				TARGETED_DEVICE_FAMILY = "1,2";
			};
			name = Debug;
		};
		FE3B1644294CE92B00EB0CE7 /* Release */ = {
			isa = XCBuildConfiguration;
			buildSettings = {
				ASSETCATALOG_COMPILER_APPICON_NAME = AppIcon;
				ASSETCATALOG_COMPILER_GLOBAL_ACCENT_COLOR_NAME = AccentColor;
				CODE_SIGN_STYLE = Automatic;
				CURRENT_PROJECT_VERSION = 1;
				DEVELOPMENT_TEAM = R6Q36R4DVT;
				GENERATE_INFOPLIST_FILE = YES;
				INFOPLIST_FILE = "voicify-assistant-sample-uikit/Info.plist";
				INFOPLIST_KEY_NSMicrophoneUsageDescription = "Use the Microphone";
				INFOPLIST_KEY_NSSpeechRecognitionUsageDescription = "Use the speech recognition";
				INFOPLIST_KEY_UIApplicationSupportsIndirectInputEvents = YES;
				INFOPLIST_KEY_UILaunchStoryboardName = LaunchScreen;
				INFOPLIST_KEY_UIMainStoryboardFile = Main;
				INFOPLIST_KEY_UISupportedInterfaceOrientations_iPad = "UIInterfaceOrientationPortrait UIInterfaceOrientationPortraitUpsideDown UIInterfaceOrientationLandscapeLeft UIInterfaceOrientationLandscapeRight";
				INFOPLIST_KEY_UISupportedInterfaceOrientations_iPhone = "UIInterfaceOrientationPortrait UIInterfaceOrientationLandscapeLeft UIInterfaceOrientationLandscapeRight";
				LD_RUNPATH_SEARCH_PATHS = (
					"$(inherited)",
					"@executable_path/Frameworks",
				);
				MARKETING_VERSION = 1.0;
				PRODUCT_BUNDLE_IDENTIFIER = "com.voicify.voicify-assistant-sample-uikit";
				PRODUCT_NAME = "$(TARGET_NAME)";
				SWIFT_EMIT_LOC_STRINGS = YES;
				SWIFT_VERSION = 5.0;
				TARGETED_DEVICE_FAMILY = "1,2";
			};
			name = Release;
		};
		FE3B1646294CE92B00EB0CE7 /* Debug */ = {
			isa = XCBuildConfiguration;
			buildSettings = {
				ALWAYS_EMBED_SWIFT_STANDARD_LIBRARIES = YES;
				BUNDLE_LOADER = "$(TEST_HOST)";
				CODE_SIGN_STYLE = Automatic;
				CURRENT_PROJECT_VERSION = 1;
				DEVELOPMENT_TEAM = R6Q36R4DVT;
				GENERATE_INFOPLIST_FILE = YES;
				IPHONEOS_DEPLOYMENT_TARGET = 15.4;
				MARKETING_VERSION = 1.0;
				PRODUCT_BUNDLE_IDENTIFIER = "com.voicify.voicify-assistant-sample-uikitTests";
				PRODUCT_NAME = "$(TARGET_NAME)";
				SWIFT_EMIT_LOC_STRINGS = NO;
				SWIFT_VERSION = 5.0;
				TARGETED_DEVICE_FAMILY = "1,2";
				TEST_HOST = "$(BUILT_PRODUCTS_DIR)/voicify-assistant-sample-uikit.app/$(BUNDLE_EXECUTABLE_FOLDER_PATH)/voicify-assistant-sample-uikit";
			};
			name = Debug;
		};
		FE3B1647294CE92B00EB0CE7 /* Release */ = {
			isa = XCBuildConfiguration;
			buildSettings = {
				ALWAYS_EMBED_SWIFT_STANDARD_LIBRARIES = YES;
				BUNDLE_LOADER = "$(TEST_HOST)";
				CODE_SIGN_STYLE = Automatic;
				CURRENT_PROJECT_VERSION = 1;
				DEVELOPMENT_TEAM = R6Q36R4DVT;
				GENERATE_INFOPLIST_FILE = YES;
				IPHONEOS_DEPLOYMENT_TARGET = 15.4;
				MARKETING_VERSION = 1.0;
				PRODUCT_BUNDLE_IDENTIFIER = "com.voicify.voicify-assistant-sample-uikitTests";
				PRODUCT_NAME = "$(TARGET_NAME)";
				SWIFT_EMIT_LOC_STRINGS = NO;
				SWIFT_VERSION = 5.0;
				TARGETED_DEVICE_FAMILY = "1,2";
				TEST_HOST = "$(BUILT_PRODUCTS_DIR)/voicify-assistant-sample-uikit.app/$(BUNDLE_EXECUTABLE_FOLDER_PATH)/voicify-assistant-sample-uikit";
			};
			name = Release;
		};
		FE3B1649294CE92B00EB0CE7 /* Debug */ = {
			isa = XCBuildConfiguration;
			buildSettings = {
				ALWAYS_EMBED_SWIFT_STANDARD_LIBRARIES = YES;
				CODE_SIGN_STYLE = Automatic;
				CURRENT_PROJECT_VERSION = 1;
				DEVELOPMENT_TEAM = R6Q36R4DVT;
				GENERATE_INFOPLIST_FILE = YES;
				MARKETING_VERSION = 1.0;
				PRODUCT_BUNDLE_IDENTIFIER = "com.voicify.voicify-assistant-sample-uikitUITests";
				PRODUCT_NAME = "$(TARGET_NAME)";
				SWIFT_EMIT_LOC_STRINGS = NO;
				SWIFT_VERSION = 5.0;
				TARGETED_DEVICE_FAMILY = "1,2";
				TEST_TARGET_NAME = "voicify-assistant-sample-uikit";
			};
			name = Debug;
		};
		FE3B164A294CE92B00EB0CE7 /* Release */ = {
			isa = XCBuildConfiguration;
			buildSettings = {
				ALWAYS_EMBED_SWIFT_STANDARD_LIBRARIES = YES;
				CODE_SIGN_STYLE = Automatic;
				CURRENT_PROJECT_VERSION = 1;
				DEVELOPMENT_TEAM = R6Q36R4DVT;
				GENERATE_INFOPLIST_FILE = YES;
				MARKETING_VERSION = 1.0;
				PRODUCT_BUNDLE_IDENTIFIER = "com.voicify.voicify-assistant-sample-uikitUITests";
				PRODUCT_NAME = "$(TARGET_NAME)";
				SWIFT_EMIT_LOC_STRINGS = NO;
				SWIFT_VERSION = 5.0;
				TARGETED_DEVICE_FAMILY = "1,2";
				TEST_TARGET_NAME = "voicify-assistant-sample-uikit";
			};
			name = Release;
		};
/* End XCBuildConfiguration section */

/* Begin XCConfigurationList section */
		FE3B1613294CE92900EB0CE7 /* Build configuration list for PBXProject "voicify-assistant-sample-uikit" */ = {
			isa = XCConfigurationList;
			buildConfigurations = (
				FE3B1640294CE92B00EB0CE7 /* Debug */,
				FE3B1641294CE92B00EB0CE7 /* Release */,
			);
			defaultConfigurationIsVisible = 0;
			defaultConfigurationName = Release;
		};
		FE3B1642294CE92B00EB0CE7 /* Build configuration list for PBXNativeTarget "voicify-assistant-sample-uikit" */ = {
			isa = XCConfigurationList;
			buildConfigurations = (
				FE3B1643294CE92B00EB0CE7 /* Debug */,
				FE3B1644294CE92B00EB0CE7 /* Release */,
			);
			defaultConfigurationIsVisible = 0;
			defaultConfigurationName = Release;
		};
		FE3B1645294CE92B00EB0CE7 /* Build configuration list for PBXNativeTarget "voicify-assistant-sample-uikitTests" */ = {
			isa = XCConfigurationList;
			buildConfigurations = (
				FE3B1646294CE92B00EB0CE7 /* Debug */,
				FE3B1647294CE92B00EB0CE7 /* Release */,
			);
			defaultConfigurationIsVisible = 0;
			defaultConfigurationName = Release;
		};
		FE3B1648294CE92B00EB0CE7 /* Build configuration list for PBXNativeTarget "voicify-assistant-sample-uikitUITests" */ = {
			isa = XCConfigurationList;
			buildConfigurations = (
				FE3B1649294CE92B00EB0CE7 /* Debug */,
				FE3B164A294CE92B00EB0CE7 /* Release */,
			);
			defaultConfigurationIsVisible = 0;
			defaultConfigurationName = Release;
		};
/* End XCConfigurationList section */
	};
	rootObject = FE3B1610294CE92900EB0CE7 /* Project object */;
}
